github.com/fidelyiu/yiu-go-tool v1.1.4 h1:OquwnziTPFZaSQh7odf/4VRzlW12c1IkQouBgF/hKuM=
github.com/fidelyiu/yiu-go-tool v1.1.4/go.mod h1:WIXj//r6TbybRgHyN1I3qCsWUJJMddehf6U+mDcAUYI=
github.com/fidelyiu/yiu-go-tool v1.1.5 h1:1c5bgNgB05t4KiI8EM9ux+VqPD0FGAkS2MBwAfreTco=
github.com/fidelyiu/yiu-go-tool v1.1.5/go.mod h1:WIXj//r6TbybRgHyN1I3qCsWUJJMddehf6U+mDcAUYI=
github.com/psampaz/slice v0.2.0 h1:QmWgx8ROo3Iz1RuumrKOlObLp2yqahs73pXZ3QsYCME=
github.com/psampaz/slice v0.2.0/go.mod h1:WzQrs9ppHnGp88hQSh4RjJ7i0bGBv8/nNBPBi5itkYc=
